
Microsoft Visual Studio Solution File, Format Version 12.00
# Visual Studio Version 17
VisualStudioVersion = 17.9.34728.123
MinimumVisualStudioVersion = 10.0.40219.1
Project("{FAE04EC0-301F-11D3-BF4B-00C04F79EFBC}") = "SISTEMA_KINSA", "SISTEMA_KINSA.csproj", "{CFAD59CA-F488-443D-9D75-72BB43A7662E}"
EndProject
Global
	GlobalSection(SolutionConfigurationPlatforms) = preSolution
		Debug|Any CPU = Debug|Any CPU
		Release|Any CPU = Release|Any CPU
	EndGlobalSection
	GlobalSection(ProjectConfigurationPlatforms) = postSolution
		{CFAD59CA-F488-443D-9D75-72BB43A7662E}.Debug|Any CPU.ActiveCfg = Debug|Any CPU
		{CFAD59CA-F488-443D-9D75-72BB43A7662E}.Debug|Any CPU.Build.0 = Debug|Any CPU
		{CFAD59CA-F488-443D-9D75-72BB43A7662E}.Release|Any CPU.ActiveCfg = Release|Any CPU
		{CFAD59CA-F488-443D-9D75-72BB43A7662E}.Release|Any CPU.Build.0 = Release|Any CPU
	EndGlobalSection
	GlobalSection(SolutionProperties) = preSolution
		HideSolutionNode = FALSE
	EndGlobalSection
	GlobalSection(ExtensibilityGlobals) = postSolution
		SolutionGuid = {EF97DCC7-E2D1-4801-9FE2-CAFE1FA47D7A}
	EndGlobalSection
EndGlobal
